
Microsoft Visual Studio Solution File, Format Version 12.00
# Visual Studio 15
VisualStudioVersion = 15.0.27130.2024
MinimumVisualStudioVersion = 10.0.40219.1
Project("{FAE04EC0-301F-11D3-BF4B-00C04F79EFBC}") = "AAITschool", "AAITschool\AAITschool.csproj", "{71DA0571-10C3-42D2-BF8C-6D50026733C8}"
EndProject
Global
	GlobalSection(SolutionConfigurationPlatforms) = preSolution
		Debug|Any CPU = Debug|Any CPU
		Release|Any CPU = Release|Any CPU
	EndGlobalSection
	GlobalSection(ProjectConfigurationPlatforms) = postSolution
		{71DA0571-10C3-42D2-BF8C-6D50026733C8}.Debug|Any CPU.ActiveCfg = Debug|Any CPU
		{71DA0571-10C3-42D2-BF8C-6D50026733C8}.Debug|Any CPU.Build.0 = Debug|Any CPU
		{71DA0571-10C3-42D2-BF8C-6D50026733C8}.Release|Any CPU.ActiveCfg = Release|Any CPU
		{71DA0571-10C3-42D2-BF8C-6D50026733C8}.Release|Any CPU.Build.0 = Release|Any CPU
	EndGlobalSection
	GlobalSection(SolutionProperties) = preSolution
		HideSolutionNode = FALSE
	EndGlobalSection
	GlobalSection(ExtensibilityGlobals) = postSolution
		SolutionGuid = {08851506-6DEC-4B44-A95F-4B22FAF0DDEE}
	EndGlobalSection
EndGlobal
